
Microsoft Visual Studio Solution File, Format Version 12.00
# Visual Studio Version 16
VisualStudioVersion = 16.0.32106.194
MinimumVisualStudioVersion = 10.0.40219.1
Project("{FAE04EC0-301F-11D3-BF4B-00C04F79EFBC}") = "RGBToHexConversion.Test", "RGBToHexConversion.Test\RGBToHexConversion.Test.csproj", "{5B76124A-2FDC-44D3-A6EA-4C9359670086}"
EndProject
Project("{FAE04EC0-301F-11D3-BF4B-00C04F79EFBC}") = "RGBToHexConversion.App", "RGBToHexConversion.App\RGBToHexConversion.App.csproj", "{F7090497-CA85-4C26-A105-C8625B6C6A0A}"
EndProject
Global
	GlobalSection(SolutionConfigurationPlatforms) = preSolution
		Debug|Any CPU = Debug|Any CPU
		Release|Any CPU = Release|Any CPU
	EndGlobalSection
	GlobalSection(ProjectConfigurationPlatforms) = postSolution
		{5B76124A-2FDC-44D3-A6EA-4C9359670086}.Debug|Any CPU.ActiveCfg = Debug|Any CPU
		{5B76124A-2FDC-44D3-A6EA-4C9359670086}.Debug|Any CPU.Build.0 = Debug|Any CPU
		{5B76124A-2FDC-44D3-A6EA-4C9359670086}.Release|Any CPU.ActiveCfg = Release|Any CPU
		{5B76124A-2FDC-44D3-A6EA-4C9359670086}.Release|Any CPU.Build.0 = Release|Any CPU
		{F7090497-CA85-4C26-A105-C8625B6C6A0A}.Debug|Any CPU.ActiveCfg = Debug|Any CPU
		{F7090497-CA85-4C26-A105-C8625B6C6A0A}.Debug|Any CPU.Build.0 = Debug|Any CPU
		{F7090497-CA85-4C26-A105-C8625B6C6A0A}.Release|Any CPU.ActiveCfg = Release|Any CPU
		{F7090497-CA85-4C26-A105-C8625B6C6A0A}.Release|Any CPU.Build.0 = Release|Any CPU
	EndGlobalSection
	GlobalSection(SolutionProperties) = preSolution
		HideSolutionNode = FALSE
	EndGlobalSection
	GlobalSection(ExtensibilityGlobals) = postSolution
		SolutionGuid = {C9330E69-BAA4-43D9-AA7A-383752F0369E}
	EndGlobalSection
EndGlobal
